// !$*UTF8*$!
{
	archiveVersion = 1;
	classes = {
	};
	objectVersion = 46;
	objects = {

/* Begin PBXBuildFile section */
		690771911CFD1575000B6B43 /* Answer.swift in Sources */ = {isa = PBXBuildFile; fileRef = 690771901CFD1575000B6B43 /* Answer.swift */; };
		690771931CFD15D6000B6B43 /* ChoiceCell.swift in Sources */ = {isa = PBXBuildFile; fileRef = 690771921CFD15D6000B6B43 /* ChoiceCell.swift */; };
		690771951CFD1605000B6B43 /* Events.swift in Sources */ = {isa = PBXBuildFile; fileRef = 690771941CFD1605000B6B43 /* Events.swift */; };
		690771971CFD1616000B6B43 /* Helper.swift in Sources */ = {isa = PBXBuildFile; fileRef = 690771961CFD1616000B6B43 /* Helper.swift */; };
		690771991CFD1628000B6B43 /* History.swift in Sources */ = {isa = PBXBuildFile; fileRef = 690771981CFD1628000B6B43 /* History.swift */; };
		6907719B1CFD1644000B6B43 /* MessageBubbleTextView.swift in Sources */ = {isa = PBXBuildFile; fileRef = 6907719A1CFD1644000B6B43 /* MessageBubbleTextView.swift */; };
		6907719D1CFD1651000B6B43 /* MessageCell.swift in Sources */ = {isa = PBXBuildFile; fileRef = 6907719C1CFD1651000B6B43 /* MessageCell.swift */; };
		6907719F1CFD166D000B6B43 /* MessagesController.swift in Sources */ = {isa = PBXBuildFile; fileRef = 6907719E1CFD166D000B6B43 /* MessagesController.swift */; settings = {COMPILER_FLAGS = "-Wno-unused-parameter"; }; };
		690771A11CFD167F000B6B43 /* ModelController.swift in Sources */ = {isa = PBXBuildFile; fileRef = 690771A01CFD167F000B6B43 /* ModelController.swift */; };
		690771A31CFD16B1000B6B43 /* Situation.swift in Sources */ = {isa = PBXBuildFile; fileRef = 690771A21CFD16B1000B6B43 /* Situation.swift */; };
		690771A51CFD16C4000B6B43 /* Subsituation.swift in Sources */ = {isa = PBXBuildFile; fileRef = 690771A41CFD16C4000B6B43 /* Subsituation.swift */; };
		690771A71CFD1711000B6B43 /* Triggers.swift in Sources */ = {isa = PBXBuildFile; fileRef = 690771A61CFD1711000B6B43 /* Triggers.swift */; };
		690771A91CFD2957000B6B43 /* db.json in Resources */ = {isa = PBXBuildFile; fileRef = 690771A81CFD2957000B6B43 /* db.json */; };
		690771AC1CFD2A67000B6B43 /* EmitterKit.framework in Embed Frameworks */ = {isa = PBXBuildFile; fileRef = 690771AA1CFD2A66000B6B43 /* EmitterKit.framework */; settings = {ATTRIBUTES = (CodeSignOnCopy, RemoveHeadersOnCopy, ); }; };
		6941756F1CFF2E6E00DC54E7 /* swiftgif.swift in Sources */ = {isa = PBXBuildFile; fileRef = 6941756E1CFF2E6E00DC54E7 /* swiftgif.swift */; };
		694175711CFF2FA300DC54E7 /* typing.gif in Resources */ = {isa = PBXBuildFile; fileRef = 694175701CFF2FA300DC54E7 /* typing.gif */; };
		6B102A7E1CE4EBAB004EB942 /* MoralTabViewController.swift in Sources */ = {isa = PBXBuildFile; fileRef = 6B102A7B1CE4EBAB004EB942 /* MoralTabViewController.swift */; };
		6B102A7F1CE4EBAB004EB942 /* StuffTabViewController.swift in Sources */ = {isa = PBXBuildFile; fileRef = 6B102A7C1CE4EBAB004EB942 /* StuffTabViewController.swift */; };
		6B102A801CE4EBAB004EB942 /* WeatherTabViewController.swift in Sources */ = {isa = PBXBuildFile; fileRef = 6B102A7D1CE4EBAB004EB942 /* WeatherTabViewController.swift */; };
		6B233BD81CE32AFF00986EA9 /* Colors.swift in Sources */ = {isa = PBXBuildFile; fileRef = 6B233BD71CE32AFF00986EA9 /* Colors.swift */; };
		6B276B821CF4A7CB00F6BF23 /* Character.swift in Sources */ = {isa = PBXBuildFile; fileRef = 6B276B811CF4A7CB00F6BF23 /* Character.swift */; };
		6B3670B01CC77A1400C29629 /* AppDelegate.swift in Sources */ = {isa = PBXBuildFile; fileRef = 6B3670AF1CC77A1400C29629 /* AppDelegate.swift */; };
		6B3670B21CC77A1400C29629 /* FirstViewController.swift in Sources */ = {isa = PBXBuildFile; fileRef = 6B3670B11CC77A1400C29629 /* FirstViewController.swift */; };
		6B3670B41CC77A1400C29629 /* SecondViewController.swift in Sources */ = {isa = PBXBuildFile; fileRef = 6B3670B31CC77A1400C29629 /* SecondViewController.swift */; };
		6B3670B71CC77A1400C29629 /* Main.storyboard in Resources */ = {isa = PBXBuildFile; fileRef = 6B3670B51CC77A1400C29629 /* Main.storyboard */; };
		6B3670B91CC77A1400C29629 /* Assets.xcassets in Resources */ = {isa = PBXBuildFile; fileRef = 6B3670B81CC77A1400C29629 /* Assets.xcassets */; };
		6B3670BC1CC77A1400C29629 /* LaunchScreen.storyboard in Resources */ = {isa = PBXBuildFile; fileRef = 6B3670BA1CC77A1400C29629 /* LaunchScreen.storyboard */; };
		6B3670C71CC77A1400C29629 /* expeditionTests.swift in Sources */ = {isa = PBXBuildFile; fileRef = 6B3670C61CC77A1400C29629 /* expeditionTests.swift */; };
		6B3670D21CC77A1400C29629 /* expeditionUITests.swift in Sources */ = {isa = PBXBuildFile; fileRef = 6B3670D11CC77A1400C29629 /* expeditionUITests.swift */; };
		6B3670E01CC7A6FD00C29629 /* ThirdViewController.swift in Sources */ = {isa = PBXBuildFile; fileRef = 6B3670DF1CC7A6FD00C29629 /* ThirdViewController.swift */; };
		6B73937D1CF9ED3200EEF4F3 /* PopAnimator.swift in Sources */ = {isa = PBXBuildFile; fileRef = 6B73937C1CF9ED3200EEF4F3 /* PopAnimator.swift */; };
		6B73937F1CF9F45300EEF4F3 /* WeatherDetailsViewController.swift in Sources */ = {isa = PBXBuildFile; fileRef = 6B73937E1CF9F45300EEF4F3 /* WeatherDetailsViewController.swift */; };
		6BF827A11CEB1C770085C68B /* DrawBackground.swift in Sources */ = {isa = PBXBuildFile; fileRef = 6BF827A01CEB1C770085C68B /* DrawBackground.swift */; };
		6BF827A31CEDB38E0085C68B /* DrawGauge.swift in Sources */ = {isa = PBXBuildFile; fileRef = 6BF827A21CEDB38E0085C68B /* DrawGauge.swift */; };
/* End PBXBuildFile section */

/* Begin PBXContainerItemProxy section */
		6B3670C31CC77A1400C29629 /* PBXContainerItemProxy */ = {
			isa = PBXContainerItemProxy;
			containerPortal = 6B3670A41CC77A1400C29629 /* Project object */;
			proxyType = 1;
			remoteGlobalIDString = 6B3670AB1CC77A1400C29629;
			remoteInfo = expedition;
		};
		6B3670CE1CC77A1400C29629 /* PBXContainerItemProxy */ = {
			isa = PBXContainerItemProxy;
			containerPortal = 6B3670A41CC77A1400C29629 /* Project object */;
			proxyType = 1;
			remoteGlobalIDString = 6B3670AB1CC77A1400C29629;
			remoteInfo = expedition;
		};
/* End PBXContainerItemProxy section */

/* Begin PBXCopyFilesBuildPhase section */
		690771AD1CFD2A67000B6B43 /* Embed Frameworks */ = {
			isa = PBXCopyFilesBuildPhase;
			buildActionMask = 2147483647;
			dstPath = "";
			dstSubfolderSpec = 10;
			files = (
				690771AC1CFD2A67000B6B43 /* EmitterKit.framework in Embed Frameworks */,
			);
			name = "Embed Frameworks";
			runOnlyForDeploymentPostprocessing = 0;
		};
/* End PBXCopyFilesBuildPhase section */

/* Begin PBXFileReference section */
		690771901CFD1575000B6B43 /* Answer.swift */ = {isa = PBXFileReference; fileEncoding = 4; lastKnownFileType = sourcecode.swift; path = Answer.swift; sourceTree = "<group>"; };
		690771921CFD15D6000B6B43 /* ChoiceCell.swift */ = {isa = PBXFileReference; fileEncoding = 4; lastKnownFileType = sourcecode.swift; path = ChoiceCell.swift; sourceTree = "<group>"; };
		690771941CFD1605000B6B43 /* Events.swift */ = {isa = PBXFileReference; fileEncoding = 4; lastKnownFileType = sourcecode.swift; path = Events.swift; sourceTree = "<group>"; };
		690771961CFD1616000B6B43 /* Helper.swift */ = {isa = PBXFileReference; fileEncoding = 4; lastKnownFileType = sourcecode.swift; path = Helper.swift; sourceTree = "<group>"; };
		690771981CFD1628000B6B43 /* History.swift */ = {isa = PBXFileReference; fileEncoding = 4; lastKnownFileType = sourcecode.swift; path = History.swift; sourceTree = "<group>"; };
		6907719A1CFD1644000B6B43 /* MessageBubbleTextView.swift */ = {isa = PBXFileReference; fileEncoding = 4; lastKnownFileType = sourcecode.swift; path = MessageBubbleTextView.swift; sourceTree = "<group>"; };
		6907719C1CFD1651000B6B43 /* MessageCell.swift */ = {isa = PBXFileReference; fileEncoding = 4; lastKnownFileType = sourcecode.swift; path = MessageCell.swift; sourceTree = "<group>"; };
		6907719E1CFD166D000B6B43 /* MessagesController.swift */ = {isa = PBXFileReference; fileEncoding = 4; lastKnownFileType = sourcecode.swift; path = MessagesController.swift; sourceTree = "<group>"; };
		690771A01CFD167F000B6B43 /* ModelController.swift */ = {isa = PBXFileReference; fileEncoding = 4; lastKnownFileType = sourcecode.swift; path = ModelController.swift; sourceTree = "<group>"; };
		690771A21CFD16B1000B6B43 /* Situation.swift */ = {isa = PBXFileReference; fileEncoding = 4; lastKnownFileType = sourcecode.swift; path = Situation.swift; sourceTree = "<group>"; };
		690771A41CFD16C4000B6B43 /* Subsituation.swift */ = {isa = PBXFileReference; fileEncoding = 4; lastKnownFileType = sourcecode.swift; path = Subsituation.swift; sourceTree = "<group>"; };
		690771A61CFD1711000B6B43 /* Triggers.swift */ = {isa = PBXFileReference; fileEncoding = 4; lastKnownFileType = sourcecode.swift; path = Triggers.swift; sourceTree = "<group>"; };
		690771A81CFD2957000B6B43 /* db.json */ = {isa = PBXFileReference; fileEncoding = 4; lastKnownFileType = text.json; path = db.json; sourceTree = "<group>"; };
		690771AA1CFD2A66000B6B43 /* EmitterKit.framework */ = {isa = PBXFileReference; lastKnownFileType = wrapper.framework; name = EmitterKit.framework; path = Carthage/Build/iOS/EmitterKit.framework; sourceTree = "<group>"; };
		6941756E1CFF2E6E00DC54E7 /* swiftgif.swift */ = {isa = PBXFileReference; fileEncoding = 4; lastKnownFileType = sourcecode.swift; name = swiftgif.swift; path = ../swiftgif.swift; sourceTree = "<group>"; };
		694175701CFF2FA300DC54E7 /* typing.gif */ = {isa = PBXFileReference; lastKnownFileType = image.gif; path = typing.gif; sourceTree = "<group>"; };
		6B102A7B1CE4EBAB004EB942 /* MoralTabViewController.swift */ = {isa = PBXFileReference; fileEncoding = 4; lastKnownFileType = sourcecode.swift; path = MoralTabViewController.swift; sourceTree = "<group>"; };
		6B102A7C1CE4EBAB004EB942 /* StuffTabViewController.swift */ = {isa = PBXFileReference; fileEncoding = 4; lastKnownFileType = sourcecode.swift; path = StuffTabViewController.swift; sourceTree = "<group>"; };
		6B102A7D1CE4EBAB004EB942 /* WeatherTabViewController.swift */ = {isa = PBXFileReference; fileEncoding = 4; lastKnownFileType = sourcecode.swift; path = WeatherTabViewController.swift; sourceTree = "<group>"; };
		6B233BD71CE32AFF00986EA9 /* Colors.swift */ = {isa = PBXFileReference; fileEncoding = 4; lastKnownFileType = sourcecode.swift; path = Colors.swift; sourceTree = "<group>"; };
		6B276B811CF4A7CB00F6BF23 /* Character.swift */ = {isa = PBXFileReference; fileEncoding = 4; lastKnownFileType = sourcecode.swift; path = Character.swift; sourceTree = "<group>"; };
		6B3670AC1CC77A1400C29629 /* expedition.app */ = {isa = PBXFileReference; explicitFileType = wrapper.application; includeInIndex = 0; path = expedition.app; sourceTree = BUILT_PRODUCTS_DIR; };
		6B3670AF1CC77A1400C29629 /* AppDelegate.swift */ = {isa = PBXFileReference; lastKnownFileType = sourcecode.swift; path = AppDelegate.swift; sourceTree = "<group>"; };
		6B3670B11CC77A1400C29629 /* FirstViewController.swift */ = {isa = PBXFileReference; lastKnownFileType = sourcecode.swift; path = FirstViewController.swift; sourceTree = "<group>"; };
		6B3670B31CC77A1400C29629 /* SecondViewController.swift */ = {isa = PBXFileReference; lastKnownFileType = sourcecode.swift; path = SecondViewController.swift; sourceTree = "<group>"; };
		6B3670B61CC77A1400C29629 /* Base */ = {isa = PBXFileReference; lastKnownFileType = file.storyboard; name = Base; path = Base.lproj/Main.storyboard; sourceTree = "<group>"; };
		6B3670B81CC77A1400C29629 /* Assets.xcassets */ = {isa = PBXFileReference; lastKnownFileType = folder.assetcatalog; path = Assets.xcassets; sourceTree = "<group>"; };
		6B3670BB1CC77A1400C29629 /* Base */ = {isa = PBXFileReference; lastKnownFileType = file.storyboard; name = Base; path = Base.lproj/LaunchScreen.storyboard; sourceTree = "<group>"; };
		6B3670BD1CC77A1400C29629 /* Info.plist */ = {isa = PBXFileReference; lastKnownFileType = text.plist.xml; path = Info.plist; sourceTree = "<group>"; };
		6B3670C21CC77A1400C29629 /* expeditionTests.xctest */ = {isa = PBXFileReference; explicitFileType = wrapper.cfbundle; includeInIndex = 0; path = expeditionTests.xctest; sourceTree = BUILT_PRODUCTS_DIR; };
		6B3670C61CC77A1400C29629 /* expeditionTests.swift */ = {isa = PBXFileReference; lastKnownFileType = sourcecode.swift; path = expeditionTests.swift; sourceTree = "<group>"; };
		6B3670C81CC77A1400C29629 /* Info.plist */ = {isa = PBXFileReference; lastKnownFileType = text.plist.xml; path = Info.plist; sourceTree = "<group>"; };
		6B3670CD1CC77A1400C29629 /* expeditionUITests.xctest */ = {isa = PBXFileReference; explicitFileType = wrapper.cfbundle; includeInIndex = 0; path = expeditionUITests.xctest; sourceTree = BUILT_PRODUCTS_DIR; };
		6B3670D11CC77A1400C29629 /* expeditionUITests.swift */ = {isa = PBXFileReference; lastKnownFileType = sourcecode.swift; path = expeditionUITests.swift; sourceTree = "<group>"; };
		6B3670D31CC77A1400C29629 /* Info.plist */ = {isa = PBXFileReference; lastKnownFileType = text.plist.xml; path = Info.plist; sourceTree = "<group>"; };
		6B3670DF1CC7A6FD00C29629 /* ThirdViewController.swift */ = {isa = PBXFileReference; fileEncoding = 4; lastKnownFileType = sourcecode.swift; path = ThirdViewController.swift; sourceTree = "<group>"; };
		6B73937C1CF9ED3200EEF4F3 /* PopAnimator.swift */ = {isa = PBXFileReference; fileEncoding = 4; lastKnownFileType = sourcecode.swift; path = PopAnimator.swift; sourceTree = "<group>"; };
		6B73937E1CF9F45300EEF4F3 /* WeatherDetailsViewController.swift */ = {isa = PBXFileReference; fileEncoding = 4; lastKnownFileType = sourcecode.swift; path = WeatherDetailsViewController.swift; sourceTree = "<group>"; };
		6BF827A01CEB1C770085C68B /* DrawBackground.swift */ = {isa = PBXFileReference; fileEncoding = 4; lastKnownFileType = sourcecode.swift; path = DrawBackground.swift; sourceTree = "<group>"; };
		6BF827A21CEDB38E0085C68B /* DrawGauge.swift */ = {isa = PBXFileReference; fileEncoding = 4; lastKnownFileType = sourcecode.swift; path = DrawGauge.swift; sourceTree = "<group>"; };
/* End PBXFileReference section */

/* Begin PBXFrameworksBuildPhase section */
		6B3670A91CC77A1400C29629 /* Frameworks */ = {
			isa = PBXFrameworksBuildPhase;
			buildActionMask = 2147483647;
			files = (
			);
			runOnlyForDeploymentPostprocessing = 0;
		};
		6B3670BF1CC77A1400C29629 /* Frameworks */ = {
			isa = PBXFrameworksBuildPhase;
			buildActionMask = 2147483647;
			files = (
			);
			runOnlyForDeploymentPostprocessing = 0;
		};
		6B3670CA1CC77A1400C29629 /* Frameworks */ = {
			isa = PBXFrameworksBuildPhase;
			buildActionMask = 2147483647;
			files = (
			);
			runOnlyForDeploymentPostprocessing = 0;
		};
/* End PBXFrameworksBuildPhase section */

/* Begin PBXGroup section */
		6B233BCD1CE0B18300986EA9 /* Subviews */ = {
			isa = PBXGroup;
			children = (
				6B102A7B1CE4EBAB004EB942 /* MoralTabViewController.swift */,
				6B102A7C1CE4EBAB004EB942 /* StuffTabViewController.swift */,
				6B102A7D1CE4EBAB004EB942 /* WeatherTabViewController.swift */,
				6BF827A21CEDB38E0085C68B /* DrawGauge.swift */,
				6BF827A01CEB1C770085C68B /* DrawBackground.swift */,
				6B276B811CF4A7CB00F6BF23 /* Character.swift */,
				6B73937C1CF9ED3200EEF4F3 /* PopAnimator.swift */,
				6B73937E1CF9F45300EEF4F3 /* WeatherDetailsViewController.swift */,
			);
			name = Subviews;
			sourceTree = "<group>";
		};
		6B233BD41CE323A300986EA9 /* Variables */ = {
			isa = PBXGroup;
			children = (
				6B233BD71CE32AFF00986EA9 /* Colors.swift */,
			);
			name = Variables;
			sourceTree = "<group>";
		};
		6B3670A31CC77A1400C29629 = {
			isa = PBXGroup;
			children = (
				690771AA1CFD2A66000B6B43 /* EmitterKit.framework */,
				6B3670AE1CC77A1400C29629 /* expedition */,
				6B3670C51CC77A1400C29629 /* expeditionTests */,
				6B3670D01CC77A1400C29629 /* expeditionUITests */,
				6B3670AD1CC77A1400C29629 /* Products */,
			);
			sourceTree = "<group>";
		};
		6B3670AD1CC77A1400C29629 /* Products */ = {
			isa = PBXGroup;
			children = (
				6B3670AC1CC77A1400C29629 /* expedition.app */,
				6B3670C21CC77A1400C29629 /* expeditionTests.xctest */,
				6B3670CD1CC77A1400C29629 /* expeditionUITests.xctest */,
			);
			name = Products;
			sourceTree = "<group>";
		};
		6B3670AE1CC77A1400C29629 /* expedition */ = {
			isa = PBXGroup;
			children = (
				6941756E1CFF2E6E00DC54E7 /* swiftgif.swift */,
				6B233BD41CE323A300986EA9 /* Variables */,
				6B233BCD1CE0B18300986EA9 /* Subviews */,
				690771901CFD1575000B6B43 /* Answer.swift */,
				6B3670AF1CC77A1400C29629 /* AppDelegate.swift */,
				690771921CFD15D6000B6B43 /* ChoiceCell.swift */,
				690771941CFD1605000B6B43 /* Events.swift */,
				6B3670B11CC77A1400C29629 /* FirstViewController.swift */,
				690771961CFD1616000B6B43 /* Helper.swift */,
				690771981CFD1628000B6B43 /* History.swift */,
				6907719A1CFD1644000B6B43 /* MessageBubbleTextView.swift */,
				6907719C1CFD1651000B6B43 /* MessageCell.swift */,
				6907719E1CFD166D000B6B43 /* MessagesController.swift */,
				690771A01CFD167F000B6B43 /* ModelController.swift */,
				690771A41CFD16C4000B6B43 /* Subsituation.swift */,
				6B3670B31CC77A1400C29629 /* SecondViewController.swift */,
				690771A21CFD16B1000B6B43 /* Situation.swift */,
				6B3670DF1CC7A6FD00C29629 /* ThirdViewController.swift */,
				690771A61CFD1711000B6B43 /* Triggers.swift */,
				6B3670B51CC77A1400C29629 /* Main.storyboard */,
				694175701CFF2FA300DC54E7 /* typing.gif */,
				6B3670B81CC77A1400C29629 /* Assets.xcassets */,
				6B3670BA1CC77A1400C29629 /* LaunchScreen.storyboard */,
				6B3670BD1CC77A1400C29629 /* Info.plist */,
				690771A81CFD2957000B6B43 /* db.json */,
			);
			path = expedition;
			sourceTree = "<group>";
		};
		6B3670C51CC77A1400C29629 /* expeditionTests */ = {
			isa = PBXGroup;
			children = (
				6B3670C61CC77A1400C29629 /* expeditionTests.swift */,
				6B3670C81CC77A1400C29629 /* Info.plist */,
			);
			path = expeditionTests;
			sourceTree = "<group>";
		};
		6B3670D01CC77A1400C29629 /* expeditionUITests */ = {
			isa = PBXGroup;
			children = (
				6B3670D11CC77A1400C29629 /* expeditionUITests.swift */,
				6B3670D31CC77A1400C29629 /* Info.plist */,
			);
			path = expeditionUITests;
			sourceTree = "<group>";
		};
/* End PBXGroup section */

/* Begin PBXNativeTarget section */
		6B3670AB1CC77A1400C29629 /* expedition */ = {
			isa = PBXNativeTarget;
			buildConfigurationList = 6B3670D61CC77A1400C29629 /* Build configuration list for PBXNativeTarget "expedition" */;
			buildPhases = (
				6B3670A81CC77A1400C29629 /* Sources */,
				6B3670A91CC77A1400C29629 /* Frameworks */,
				6B3670AA1CC77A1400C29629 /* Resources */,
				690771AD1CFD2A67000B6B43 /* Embed Frameworks */,
			);
			buildRules = (
			);
			dependencies = (
			);
			name = expedition;
			productName = expedition;
			productReference = 6B3670AC1CC77A1400C29629 /* expedition.app */;
			productType = "com.apple.product-type.application";
		};
		6B3670C11CC77A1400C29629 /* expeditionTests */ = {
			isa = PBXNativeTarget;
			buildConfigurationList = 6B3670D91CC77A1400C29629 /* Build configuration list for PBXNativeTarget "expeditionTests" */;
			buildPhases = (
				6B3670BE1CC77A1400C29629 /* Sources */,
				6B3670BF1CC77A1400C29629 /* Frameworks */,
				6B3670C01CC77A1400C29629 /* Resources */,
			);
			buildRules = (
			);
			dependencies = (
				6B3670C41CC77A1400C29629 /* PBXTargetDependency */,
			);
			name = expeditionTests;
			productName = expeditionTests;
			productReference = 6B3670C21CC77A1400C29629 /* expeditionTests.xctest */;
			productType = "com.apple.product-type.bundle.unit-test";
		};
		6B3670CC1CC77A1400C29629 /* expeditionUITests */ = {
			isa = PBXNativeTarget;
			buildConfigurationList = 6B3670DC1CC77A1400C29629 /* Build configuration list for PBXNativeTarget "expeditionUITests" */;
			buildPhases = (
				6B3670C91CC77A1400C29629 /* Sources */,
				6B3670CA1CC77A1400C29629 /* Frameworks */,
				6B3670CB1CC77A1400C29629 /* Resources */,
			);
			buildRules = (
			);
			dependencies = (
				6B3670CF1CC77A1400C29629 /* PBXTargetDependency */,
			);
			name = expeditionUITests;
			productName = expeditionUITests;
			productReference = 6B3670CD1CC77A1400C29629 /* expeditionUITests.xctest */;
			productType = "com.apple.product-type.bundle.ui-testing";
		};
/* End PBXNativeTarget section */

/* Begin PBXProject section */
		6B3670A41CC77A1400C29629 /* Project object */ = {
			isa = PBXProject;
			attributes = {
				CLASSPREFIX = "";
				LastSwiftUpdateCheck = 0730;
				LastUpgradeCheck = 0730;
				ORGANIZATIONNAME = KLCT;
				TargetAttributes = {
					6B3670AB1CC77A1400C29629 = {
						CreatedOnToolsVersion = 7.3;
						DevelopmentTeam = USV5Z98CAJ;
					};
					6B3670C11CC77A1400C29629 = {
						CreatedOnToolsVersion = 7.3;
						DevelopmentTeam = AR79S592J5;
						TestTargetID = 6B3670AB1CC77A1400C29629;
					};
					6B3670CC1CC77A1400C29629 = {
						CreatedOnToolsVersion = 7.3;
						DevelopmentTeam = AR79S592J5;
						TestTargetID = 6B3670AB1CC77A1400C29629;
					};
				};
			};
			buildConfigurationList = 6B3670A71CC77A1400C29629 /* Build configuration list for PBXProject "expedition" */;
			compatibilityVersion = "Xcode 3.2";
			developmentRegion = English;
			hasScannedForEncodings = 0;
			knownRegions = (
				en,
				Base,
			);
			mainGroup = 6B3670A31CC77A1400C29629;
			productRefGroup = 6B3670AD1CC77A1400C29629 /* Products */;
			projectDirPath = "";
			projectRoot = "";
			targets = (
				6B3670AB1CC77A1400C29629 /* expedition */,
				6B3670C11CC77A1400C29629 /* expeditionTests */,
				6B3670CC1CC77A1400C29629 /* expeditionUITests */,
			);
		};
/* End PBXProject section */

/* Begin PBXResourcesBuildPhase section */
		6B3670AA1CC77A1400C29629 /* Resources */ = {
			isa = PBXResourcesBuildPhase;
			buildActionMask = 2147483647;
			files = (
				6B3670BC1CC77A1400C29629 /* LaunchScreen.storyboard in Resources */,
				694175711CFF2FA300DC54E7 /* typing.gif in Resources */,
				690771A91CFD2957000B6B43 /* db.json in Resources */,
				6B3670B91CC77A1400C29629 /* Assets.xcassets in Resources */,
				6B3670B71CC77A1400C29629 /* Main.storyboard in Resources */,
			);
			runOnlyForDeploymentPostprocessing = 0;
		};
		6B3670C01CC77A1400C29629 /* Resources */ = {
			isa = PBXResourcesBuildPhase;
			buildActionMask = 2147483647;
			files = (
			);
			runOnlyForDeploymentPostprocessing = 0;
		};
		6B3670CB1CC77A1400C29629 /* Resources */ = {
			isa = PBXResourcesBuildPhase;
			buildActionMask = 2147483647;
			files = (
			);
			runOnlyForDeploymentPostprocessing = 0;
		};
/* End PBXResourcesBuildPhase section */

/* Begin PBXSourcesBuildPhase section */
		6B3670A81CC77A1400C29629 /* Sources */ = {
			isa = PBXSourcesBuildPhase;
			buildActionMask = 2147483647;
			files = (
				690771991CFD1628000B6B43 /* History.swift in Sources */,
				6907719D1CFD1651000B6B43 /* MessageCell.swift in Sources */,
				6907719B1CFD1644000B6B43 /* MessageBubbleTextView.swift in Sources */,
				6B73937F1CF9F45300EEF4F3 /* WeatherDetailsViewController.swift in Sources */,
				6941756F1CFF2E6E00DC54E7 /* swiftgif.swift in Sources */,
				6B102A7F1CE4EBAB004EB942 /* StuffTabViewController.swift in Sources */,
				6B3670B41CC77A1400C29629 /* SecondViewController.swift in Sources */,
				690771911CFD1575000B6B43 /* Answer.swift in Sources */,
				6B276B821CF4A7CB00F6BF23 /* Character.swift in Sources */,
				6B233BD81CE32AFF00986EA9 /* Colors.swift in Sources */,
				6B3670B01CC77A1400C29629 /* AppDelegate.swift in Sources */,
				6BF827A11CEB1C770085C68B /* DrawBackground.swift in Sources */,
				690771A11CFD167F000B6B43 /* ModelController.swift in Sources */,
				690771971CFD1616000B6B43 /* Helper.swift in Sources */,
				6BF827A31CEDB38E0085C68B /* DrawGauge.swift in Sources */,
				6B3670E01CC7A6FD00C29629 /* ThirdViewController.swift in Sources */,
				690771A51CFD16C4000B6B43 /* Subsituation.swift in Sources */,
				6B102A7E1CE4EBAB004EB942 /* MoralTabViewController.swift in Sources */,
				6B3670B21CC77A1400C29629 /* FirstViewController.swift in Sources */,
				690771951CFD1605000B6B43 /* Events.swift in Sources */,
				690771A71CFD1711000B6B43 /* Triggers.swift in Sources */,
				6907719F1CFD166D000B6B43 /* MessagesController.swift in Sources */,
				6B73937D1CF9ED3200EEF4F3 /* PopAnimator.swift in Sources */,
				690771A31CFD16B1000B6B43 /* Situation.swift in Sources */,
				6B102A801CE4EBAB004EB942 /* WeatherTabViewController.swift in Sources */,
				690771931CFD15D6000B6B43 /* ChoiceCell.swift in Sources */,
			);
			runOnlyForDeploymentPostprocessing = 0;
		};
		6B3670BE1CC77A1400C29629 /* Sources */ = {
			isa = PBXSourcesBuildPhase;
			buildActionMask = 2147483647;
			files = (
				6B3670C71CC77A1400C29629 /* expeditionTests.swift in Sources */,
			);
			runOnlyForDeploymentPostprocessing = 0;
		};
		6B3670C91CC77A1400C29629 /* Sources */ = {
			isa = PBXSourcesBuildPhase;
			buildActionMask = 2147483647;
			files = (
				6B3670D21CC77A1400C29629 /* expeditionUITests.swift in Sources */,
			);
			runOnlyForDeploymentPostprocessing = 0;
		};
/* End PBXSourcesBuildPhase section */

/* Begin PBXTargetDependency section */
		6B3670C41CC77A1400C29629 /* PBXTargetDependency */ = {
			isa = PBXTargetDependency;
			target = 6B3670AB1CC77A1400C29629 /* expedition */;
			targetProxy = 6B3670C31CC77A1400C29629 /* PBXContainerItemProxy */;
		};
		6B3670CF1CC77A1400C29629 /* PBXTargetDependency */ = {
			isa = PBXTargetDependency;
			target = 6B3670AB1CC77A1400C29629 /* expedition */;
			targetProxy = 6B3670CE1CC77A1400C29629 /* PBXContainerItemProxy */;
		};
/* End PBXTargetDependency section */

/* Begin PBXVariantGroup section */
		6B3670B51CC77A1400C29629 /* Main.storyboard */ = {
			isa = PBXVariantGroup;
			children = (
				6B3670B61CC77A1400C29629 /* Base */,
			);
			name = Main.storyboard;
			sourceTree = "<group>";
		};
		6B3670BA1CC77A1400C29629 /* LaunchScreen.storyboard */ = {
			isa = PBXVariantGroup;
			children = (
				6B3670BB1CC77A1400C29629 /* Base */,
			);
			name = LaunchScreen.storyboard;
			sourceTree = "<group>";
		};
/* End PBXVariantGroup section */

/* Begin XCBuildConfiguration section */
		6B3670D41CC77A1400C29629 /* Debug */ = {
			isa = XCBuildConfiguration;
			buildSettings = {
				ALWAYS_SEARCH_USER_PATHS = NO;
				CLANG_ANALYZER_NONNULL = YES;
				CLANG_CXX_LANGUAGE_STANDARD = "gnu++0x";
				CLANG_CXX_LIBRARY = "libc++";
				CLANG_ENABLE_MODULES = YES;
				CLANG_ENABLE_OBJC_ARC = YES;
				CLANG_WARN_BOOL_CONVERSION = YES;
				CLANG_WARN_CONSTANT_CONVERSION = YES;
				CLANG_WARN_DIRECT_OBJC_ISA_USAGE = YES_ERROR;
				CLANG_WARN_EMPTY_BODY = YES;
				CLANG_WARN_ENUM_CONVERSION = YES;
				CLANG_WARN_INT_CONVERSION = YES;
				CLANG_WARN_OBJC_ROOT_CLASS = YES_ERROR;
				CLANG_WARN_UNREACHABLE_CODE = YES;
				CLANG_WARN__DUPLICATE_METHOD_MATCH = YES;
				"CODE_SIGN_IDENTITY[sdk=iphoneos*]" = "iPhone Developer";
				COPY_PHASE_STRIP = NO;
				DEBUG_INFORMATION_FORMAT = dwarf;
				ENABLE_STRICT_OBJC_MSGSEND = YES;
				ENABLE_TESTABILITY = YES;
				GCC_C_LANGUAGE_STANDARD = gnu99;
				GCC_DYNAMIC_NO_PIC = NO;
				GCC_NO_COMMON_BLOCKS = YES;
				GCC_OPTIMIZATION_LEVEL = 0;
				GCC_PREPROCESSOR_DEFINITIONS = (
					"DEBUG=1",
					"$(inherited)",
				);
				GCC_WARN_64_TO_32_BIT_CONVERSION = YES;
				GCC_WARN_ABOUT_RETURN_TYPE = YES_ERROR;
				GCC_WARN_UNDECLARED_SELECTOR = YES;
				GCC_WARN_UNINITIALIZED_AUTOS = YES_AGGRESSIVE;
				GCC_WARN_UNUSED_FUNCTION = YES;
				GCC_WARN_UNUSED_VARIABLE = YES;
				IPHONEOS_DEPLOYMENT_TARGET = 9.3;
				MTL_ENABLE_DEBUG_INFO = YES;
				ONLY_ACTIVE_ARCH = YES;
				SDKROOT = iphoneos;
				SWIFT_OPTIMIZATION_LEVEL = "-Onone";
			};
			name = Debug;
		};
		6B3670D51CC77A1400C29629 /* Release */ = {
			isa = XCBuildConfiguration;
			buildSettings = {
				ALWAYS_SEARCH_USER_PATHS = NO;
				CLANG_ANALYZER_NONNULL = YES;
				CLANG_CXX_LANGUAGE_STANDARD = "gnu++0x";
				CLANG_CXX_LIBRARY = "libc++";
				CLANG_ENABLE_MODULES = YES;
				CLANG_ENABLE_OBJC_ARC = YES;
				CLANG_WARN_BOOL_CONVERSION = YES;
				CLANG_WARN_CONSTANT_CONVERSION = YES;
				CLANG_WARN_DIRECT_OBJC_ISA_USAGE = YES_ERROR;
				CLANG_WARN_EMPTY_BODY = YES;
				CLANG_WARN_ENUM_CONVERSION = YES;
				CLANG_WARN_INT_CONVERSION = YES;
				CLANG_WARN_OBJC_ROOT_CLASS = YES_ERROR;
				CLANG_WARN_UNREACHABLE_CODE = YES;
				CLANG_WARN__DUPLICATE_METHOD_MATCH = YES;
				"CODE_SIGN_IDENTITY[sdk=iphoneos*]" = "iPhone Developer";
				COPY_PHASE_STRIP = NO;
				DEBUG_INFORMATION_FORMAT = "dwarf-with-dsym";
				ENABLE_NS_ASSERTIONS = NO;
				ENABLE_STRICT_OBJC_MSGSEND = YES;
				GCC_C_LANGUAGE_STANDARD = gnu99;
				GCC_NO_COMMON_BLOCKS = YES;
				GCC_WARN_64_TO_32_BIT_CONVERSION = YES;
				GCC_WARN_ABOUT_RETURN_TYPE = YES_ERROR;
				GCC_WARN_UNDECLARED_SELECTOR = YES;
				GCC_WARN_UNINITIALIZED_AUTOS = YES_AGGRESSIVE;
				GCC_WARN_UNUSED_FUNCTION = YES;
				GCC_WARN_UNUSED_VARIABLE = YES;
				IPHONEOS_DEPLOYMENT_TARGET = 9.3;
				MTL_ENABLE_DEBUG_INFO = NO;
				SDKROOT = iphoneos;
				VALIDATE_PRODUCT = YES;
			};
			name = Release;
		};
		6B3670D71CC77A1400C29629 /* Debug */ = {
			isa = XCBuildConfiguration;
			buildSettings = {
				ASSETCATALOG_COMPILER_APPICON_NAME = AppIcon;
				CODE_SIGN_IDENTITY = "iPhone Developer";
				"CODE_SIGN_IDENTITY[sdk=iphoneos*]" = "iPhone Developer";
				FRAMEWORK_SEARCH_PATHS = (
					"$(inherited)",
					"$(PROJECT_DIR)/Carthage/Build/iOS",
				);
				INFOPLIST_FILE = expedition/Info.plist;
				LD_RUNPATH_SEARCH_PATHS = "$(inherited) @executable_path/Frameworks";
				PRODUCT_BUNDLE_IDENTIFIER = com.klct.expedition;
				PRODUCT_NAME = "$(TARGET_NAME)";
				PROVISIONING_PROFILE = "";
				TARGETED_DEVICE_FAMILY = 1;
			};
			name = Debug;
		};
		6B3670D81CC77A1400C29629 /* Release */ = {
			isa = XCBuildConfiguration;
			buildSettings = {
				ASSETCATALOG_COMPILER_APPICON_NAME = AppIcon;
				CODE_SIGN_IDENTITY = "iPhone Developer";
				"CODE_SIGN_IDENTITY[sdk=iphoneos*]" = "iPhone Developer";
				FRAMEWORK_SEARCH_PATHS = (
					"$(inherited)",
					"$(PROJECT_DIR)/Carthage/Build/iOS",
				);
				INFOPLIST_FILE = expedition/Info.plist;
				LD_RUNPATH_SEARCH_PATHS = "$(inherited) @executable_path/Frameworks";
				PRODUCT_BUNDLE_IDENTIFIER = com.klct.expedition;
				PRODUCT_NAME = "$(TARGET_NAME)";
				PROVISIONING_PROFILE = "";
				TARGETED_DEVICE_FAMILY = 1;
			};
			name = Release;
		};
		6B3670DA1CC77A1400C29629 /* Debug */ = {
			isa = XCBuildConfiguration;
			buildSettings = {
				BUNDLE_LOADER = "$(TEST_HOST)";
				INFOPLIST_FILE = expeditionTests/Info.plist;
				LD_RUNPATH_SEARCH_PATHS = "$(inherited) @executable_path/Frameworks @loader_path/Frameworks";
				PRODUCT_BUNDLE_IDENTIFIER = klct.expeditionTests;
				PRODUCT_NAME = "$(TARGET_NAME)";
				TEST_HOST = "$(BUILT_PRODUCTS_DIR)/expedition.app/expedition";
			};
			name = Debug;
		};
		6B3670DB1CC77A1400C29629 /* Release */ = {
			isa = XCBuildConfiguration;
			buildSettings = {
				BUNDLE_LOADER = "$(TEST_HOST)";
				INFOPLIST_FILE = expeditionTests/Info.plist;
				LD_RUNPATH_SEARCH_PATHS = "$(inherited) @executable_path/Frameworks @loader_path/Frameworks";
				PRODUCT_BUNDLE_IDENTIFIER = klct.expeditionTests;
				PRODUCT_NAME = "$(TARGET_NAME)";
				TEST_HOST = "$(BUILT_PRODUCTS_DIR)/expedition.app/expedition";
			};
			name = Release;
		};
		6B3670DD1CC77A1400C29629 /* Debug */ = {
			isa = XCBuildConfiguration;
			buildSettings = {
				INFOPLIST_FILE = expeditionUITests/Info.plist;
				LD_RUNPATH_SEARCH_PATHS = "$(inherited) @executable_path/Frameworks @loader_path/Frameworks";
				PRODUCT_BUNDLE_IDENTIFIER = klct.expeditionUITests;
				PRODUCT_NAME = "$(TARGET_NAME)";
				TEST_TARGET_NAME = expedition;
			};
			name = Debug;
		};
		6B3670DE1CC77A1400C29629 /* Release */ = {
			isa = XCBuildConfiguration;
			buildSettings = {
				INFOPLIST_FILE = expeditionUITests/Info.plist;
				LD_RUNPATH_SEARCH_PATHS = "$(inherited) @executable_path/Frameworks @loader_path/Frameworks";
				PRODUCT_BUNDLE_IDENTIFIER = klct.expeditionUITests;
				PRODUCT_NAME = "$(TARGET_NAME)";
				TEST_TARGET_NAME = expedition;
			};
			name = Release;
		};
/* End XCBuildConfiguration section */

/* Begin XCConfigurationList section */
		6B3670A71CC77A1400C29629 /* Build configuration list for PBXProject "expedition" */ = {
			isa = XCConfigurationList;
			buildConfigurations = (
				6B3670D41CC77A1400C29629 /* Debug */,
				6B3670D51CC77A1400C29629 /* Release */,
			);
			defaultConfigurationIsVisible = 0;
			defaultConfigurationName = Release;
		};
		6B3670D61CC77A1400C29629 /* Build configuration list for PBXNativeTarget "expedition" */ = {
			isa = XCConfigurationList;
			buildConfigurations = (
				6B3670D71CC77A1400C29629 /* Debug */,
				6B3670D81CC77A1400C29629 /* Release */,
			);
			defaultConfigurationIsVisible = 0;
			defaultConfigurationName = Release;
		};
		6B3670D91CC77A1400C29629 /* Build configuration list for PBXNativeTarget "expeditionTests" */ = {
			isa = XCConfigurationList;
			buildConfigurations = (
				6B3670DA1CC77A1400C29629 /* Debug */,
				6B3670DB1CC77A1400C29629 /* Release */,
			);
			defaultConfigurationIsVisible = 0;
			defaultConfigurationName = Release;
		};
		6B3670DC1CC77A1400C29629 /* Build configuration list for PBXNativeTarget "expeditionUITests" */ = {
			isa = XCConfigurationList;
			buildConfigurations = (
				6B3670DD1CC77A1400C29629 /* Debug */,
				6B3670DE1CC77A1400C29629 /* Release */,
			);
			defaultConfigurationIsVisible = 0;
			defaultConfigurationName = Release;
		};
/* End XCConfigurationList section */
	};
	rootObject = 6B3670A41CC77A1400C29629 /* Project object */;
}
